{
  "name": "ipapk",
  "version": "0.0.7",
  "lockfileVersion": 1,
  "requires": true,
  "dependencies": {
    "accepts": {
      "version": "1.3.7",
      "resolved": "https://registry.npmjs.org/accepts/-/accepts-1.3.7.tgz",
      "integrity": "sha512-Il80Qs2WjYlJIBNzNkK6KYqlVMTbZLXgHx2oT0pU/fjRHyEp+PEfEPY0R3WCwAGVOtauxh1hOxNgIf5bv7dQpA==",
      "requires": {
        "mime-types": "~2.1.24",
        "negotiator": "0.6.2"
      }
    },
    "any-promise": {
      "version": "1.3.0",
      "resolved": "https://registry.npmjs.org/any-promise/-/any-promise-1.3.0.tgz",
      "integrity": "sha1-q8av7tzqUugJzcA3au0845Y10X8="
    },
    "app-info-parser": {
      "version": "0.3.13",
      "resolved": "https://registry.npmjs.org/app-info-parser/-/app-info-parser-0.3.13.tgz",
      "integrity": "sha512-u8IB/jQS7vG3vA06722T43mFmLWnP5HhkGt3auUgpdH9ZVTX0UdLvW+ZsVKOK1Uq+1WNuB/up6vbkQfO/9x4TQ==",
      "requires": {
        "bplist-parser": "^0.2.0",
        "bytebuffer": "^5.0.1",
        "cgbi-to-png": "^1.0.7",
        "isomorphic-unzip": "^1.1.5",
        "plist": "^3.0.1"
      }
    },
    "at-least-node": {
      "version": "1.0.0",
      "resolved": "https://registry.npmjs.org/at-least-node/-/at-least-node-1.0.0.tgz",
      "integrity": "sha512-+q/t7Ekv1EDY2l6Gda6LLiX14rU9TV20Wa3ofeQmwPFZbOMo9DXrLbOjFaaclkXKWidIaopwAObQDqwWtGUjqg=="
    },
    "base64-js": {
      "version": "1.3.1",
      "resolved": "https://registry.npmjs.org/base64-js/-/base64-js-1.3.1.tgz",
      "integrity": "sha512-mLQ4i2QO1ytvGWFWmcngKO//JXAQueZvwEKtjgQFM4jIK0kU+ytMfplL8j+n5mspOfjHwoAg+9yhb7BwAHm36g=="
    },
    "big-integer": {
      "version": "1.6.48",
      "resolved": "https://registry.npmjs.org/big-integer/-/big-integer-1.6.48.tgz",
      "integrity": "sha512-j51egjPa7/i+RdiRuJbPdJ2FIUYYPhvYLjzoYbcMMm62ooO6F94fETG4MTs46zPAF9Brs04OajboA/qTGuz78w=="
    },
    "bplist-parser": {
      "version": "0.2.0",
      "resolved": "https://registry.npmjs.org/bplist-parser/-/bplist-parser-0.2.0.tgz",
      "integrity": "sha512-z0M+byMThzQmD9NILRniCUXYsYpjwnlO8N5uCFaCqIOpqRsJCrQL9NK3JsD67CN5a08nF5oIL2bD6loTdHOuKw==",
      "requires": {
        "big-integer": "^1.6.44"
      }
    },
    "buffer": {
      "version": "5.7.1",
      "resolved": "https://registry.npmjs.org/buffer/-/buffer-5.7.1.tgz",
      "integrity": "sha512-EHcyIPBQ4BSGlvjB16k5KgAJ27CIsHY/2JBmCRReo48y9rQ3MaUzWX3KVlBa4U7MyX02HdVj0K7C3WaB3ju7FQ==",
      "requires": {
        "base64-js": "^1.3.1",
        "ieee754": "^1.1.13"
      }
    },
    "buffer-crc32": {
      "version": "0.2.13",
      "resolved": "https://registry.npmjs.org/buffer-crc32/-/buffer-crc32-0.2.13.tgz",
      "integrity": "sha1-DTM+PwDqxQqhRUq9MO+MKl2ackI="
    },
    "bufferpack": {
      "version": "0.0.6",
      "resolved": "https://registry.npmjs.org/bufferpack/-/bufferpack-0.0.6.tgz",
      "integrity": "sha1-+z2HOKDh5OA7z/mfmnX57Bip1z4="
    },
    "bytebuffer": {
      "version": "5.0.1",
      "resolved": "https://registry.npmjs.org/bytebuffer/-/bytebuffer-5.0.1.tgz",
      "integrity": "sha1-WC7qSxqHO20CCkjVjfhfC7ps/d0=",
      "requires": {
        "long": "~3"
      }
    },
    "cache-content-type": {
      "version": "1.0.1",
      "resolved": "https://registry.npmjs.org/cache-content-type/-/cache-content-type-1.0.1.tgz",
      "integrity": "sha512-IKufZ1o4Ut42YUrZSo8+qnMTrFuKkvyoLXUywKz9GJ5BrhOFGhLdkx9sG4KAnVvbY6kEcSFjLQul+DVmBm2bgA==",
      "requires": {
        "mime-types": "^2.1.18",
        "ylru": "^1.2.0"
      }
    },
    "cgbi-to-png": {
      "version": "1.0.7",
      "resolved": "https://registry.npmjs.org/cgbi-to-png/-/cgbi-to-png-1.0.7.tgz",
      "integrity": "sha512-YR80kxTPuq9oRpZUdQmNEQWrmTKLINk1cfLVfyrV7Rfr9KLtLJdcockPKbreIr4JYAq+DhHBR7w+WA/tF5VDaQ==",
      "requires": {
        "bufferpack": "0.0.6",
        "crc": "^3.3.0",
        "stream-to-buffer": "^0.1.0",
        "streamifier": "^0.1.1"
      }
    },
    "co": {
      "version": "4.6.0",
      "resolved": "https://registry.npmjs.org/co/-/co-4.6.0.tgz",
      "integrity": "sha1-bqa989hTrlTMuOR7+gvz+QMfsYQ="
    },
    "commander": {
      "version": "6.2.0",
      "resolved": "https://registry.npmjs.org/commander/-/commander-6.2.0.tgz",
      "integrity": "sha512-zP4jEKbe8SHzKJYQmq8Y9gYjtO/POJLgIdKgV7B9qNmABVFVc+ctqSX6iXh4mCpJfRBOabiZ2YKPg8ciDw6C+Q=="
    },
    "content-disposition": {
      "version": "0.5.3",
      "resolved": "https://registry.npmjs.org/content-disposition/-/content-disposition-0.5.3.tgz",
      "integrity": "sha512-ExO0774ikEObIAEV9kDo50o+79VCUdEB6n6lzKgGwupcVeRlhrj3qGAfwq8G6uBJjkqLrhT0qEYFcWng8z1z0g==",
      "requires": {
        "safe-buffer": "5.1.2"
      }
    },
    "content-type": {
      "version": "1.0.4",
      "resolved": "https://registry.npmjs.org/content-type/-/content-type-1.0.4.tgz",
      "integrity": "sha512-hIP3EEPs8tB9AT1L+NUqtwOAps4mk2Zob89MWXMHjHWg9milF/j4osnnQLXBCBFBk/tvIG/tUc9mOUJiPBhPXA=="
    },
    "cookies": {
      "version": "0.8.0",
      "resolved": "https://registry.npmjs.org/cookies/-/cookies-0.8.0.tgz",
      "integrity": "sha512-8aPsApQfebXnuI+537McwYsDtjVxGm8gTIzQI3FDW6t5t/DAhERxtnbEPN/8RX+uZthoz4eCOgloXaE5cYyNow==",
      "requires": {
        "depd": "~2.0.0",
        "keygrip": "~1.1.0"
      },
      "dependencies": {
        "depd": {
          "version": "2.0.0",
          "resolved": "https://registry.npmjs.org/depd/-/depd-2.0.0.tgz",
          "integrity": "sha512-g7nH6P6dyDioJogAAGprGpCtVImJhpPk/roCzdb3fIh61/s/nPsfR6onyMwkCAR/OlC3yBC0lESvUoQEAssIrw=="
        }
      }
    },
    "crc": {
      "version": "3.8.0",
      "resolved": "https://registry.npmjs.org/crc/-/crc-3.8.0.tgz",
      "integrity": "sha512-iX3mfgcTMIq3ZKLIsVFAbv7+Mc10kxabAGQb8HvjA1o3T1PIYprbakQ65d3I+2HGHt6nSKkM9PYjgoJO2KcFBQ==",
      "requires": {
        "buffer": "^5.1.0"
      }
    },
    "debug": {
      "version": "3.1.0",
      "resolved": "https://registry.npmjs.org/debug/-/debug-3.1.0.tgz",
      "integrity": "sha512-OX8XqP7/1a9cqkxYw2yXss15f26NKWBpDXQd0/uK/KPqdQhxbPa994hnzjcE2VqQpDslf55723cKPUOGSmMY3g==",
      "requires": {
        "ms": "2.0.0"
      }
    },
    "deep-equal": {
      "version": "1.0.1",
      "resolved": "https://registry.npmjs.org/deep-equal/-/deep-equal-1.0.1.tgz",
      "integrity": "sha1-9dJgKStmDghO/0zbyfCK0yR0SLU="
    },
    "delegates": {
      "version": "1.0.0",
      "resolved": "https://registry.npmjs.org/delegates/-/delegates-1.0.0.tgz",
      "integrity": "sha1-hMbhWbgZBP3KWaDvRM2HDTElD5o="
    },
    "depd": {
      "version": "1.1.2",
      "resolved": "https://registry.npmjs.org/depd/-/depd-1.1.2.tgz",
      "integrity": "sha1-m81S4UwJd2PnSbJ0xDRu0uVgtak="
    },
    "destroy": {
      "version": "1.0.4",
      "resolved": "https://registry.npmjs.org/destroy/-/destroy-1.0.4.tgz",
      "integrity": "sha1-l4hXRCxEdJ5CBmE+N5RiBYJqvYA="
    },
    "ee-first": {
      "version": "1.1.1",
      "resolved": "https://registry.npmjs.org/ee-first/-/ee-first-1.1.1.tgz",
      "integrity": "sha1-WQxhFWsK4vTwJVcyoViyZrxWsh0="
    },
    "encodeurl": {
      "version": "1.0.2",
      "resolved": "https://registry.npmjs.org/encodeurl/-/encodeurl-1.0.2.tgz",
      "integrity": "sha1-rT/0yG7C0CkyL1oCw6mmBslbP1k="
    },
    "escape-html": {
      "version": "1.0.3",
      "resolved": "https://registry.npmjs.org/escape-html/-/escape-html-1.0.3.tgz",
      "integrity": "sha1-Aljq5NPQwJdN4cFpGI7wBR0dGYg="
    },
    "fd-slicer": {
      "version": "1.1.0",
      "resolved": "https://registry.npmjs.org/fd-slicer/-/fd-slicer-1.1.0.tgz",
      "integrity": "sha1-JcfInLH5B3+IkbvmHY85Dq4lbx4=",
      "requires": {
        "pend": "~1.2.0"
      }
    },
    "filesize": {
      "version": "6.1.0",
      "resolved": "https://registry.npmjs.org/filesize/-/filesize-6.1.0.tgz",
      "integrity": "sha512-LpCHtPQ3sFx67z+uh2HnSyWSLLu5Jxo21795uRDuar/EOuYWXib5EmPaGIBuSnRqH2IODiKA2k5re/K9OnN/Yg=="
    },
    "fresh": {
      "version": "0.5.2",
      "resolved": "https://registry.npmjs.org/fresh/-/fresh-0.5.2.tgz",
      "integrity": "sha1-PYyt2Q2XZWn6g1qx+OSyOhBWBac="
    },
    "fs-extra": {
      "version": "9.0.1",
      "resolved": "https://registry.npmjs.org/fs-extra/-/fs-extra-9.0.1.tgz",
      "integrity": "sha512-h2iAoN838FqAFJY2/qVpzFXy+EBxfVE220PalAqQLDVsFOHLJrZvut5puAbCdNv6WJk+B8ihI+k0c7JK5erwqQ==",
      "requires": {
        "at-least-node": "^1.0.0",
        "graceful-fs": "^4.2.0",
        "jsonfile": "^6.0.1",
        "universalify": "^1.0.0"
      }
    },
    "graceful-fs": {
      "version": "4.2.4",
      "resolved": "https://registry.npmjs.org/graceful-fs/-/graceful-fs-4.2.4.tgz",
      "integrity": "sha512-WjKPNJF79dtJAVniUlGGWHYGz2jWxT6VhN/4m1NdkbZ2nOsEF+cI1Edgql5zCRhs/VsQYRvrXctxktVXZUkixw=="
    },
    "http-assert": {
      "version": "1.4.1",
      "resolved": "https://registry.npmjs.org/http-assert/-/http-assert-1.4.1.tgz",
      "integrity": "sha512-rdw7q6GTlibqVVbXr0CKelfV5iY8G2HqEUkhSk297BMbSpSL8crXC+9rjKoMcZZEsksX30le6f/4ul4E28gegw==",
      "requires": {
        "deep-equal": "~1.0.1",
        "http-errors": "~1.7.2"
      },
      "dependencies": {
        "http-errors": {
          "version": "1.7.3",
          "resolved": "https://registry.npmjs.org/http-errors/-/http-errors-1.7.3.tgz",
          "integrity": "sha512-ZTTX0MWrsQ2ZAhA1cejAwDLycFsd7I7nVtnkT3Ol0aqodaKW+0CTZDQ1uBv5whptCnc8e8HeRRJxRs0kmm/Qfw==",
          "requires": {
            "depd": "~1.1.2",
            "inherits": "2.0.4",
            "setprototypeof": "1.1.1",
            "statuses": ">= 1.5.0 < 2",
            "toidentifier": "1.0.0"
          }
        }
      }
    },
    "http-errors": {
      "version": "1.8.0",
      "resolved": "https://registry.npmjs.org/http-errors/-/http-errors-1.8.0.tgz",
      "integrity": "sha512-4I8r0C5JDhT5VkvI47QktDW75rNlGVsUf/8hzjCC/wkWI/jdTRmBb9aI7erSG82r1bjKY3F6k28WnsVxB1C73A==",
      "requires": {
        "depd": "~1.1.2",
        "inherits": "2.0.4",
        "setprototypeof": "1.2.0",
        "statuses": ">= 1.5.0 < 2",
        "toidentifier": "1.0.0"
      },
      "dependencies": {
        "setprototypeof": {
          "version": "1.2.0",
          "resolved": "https://registry.npmjs.org/setprototypeof/-/setprototypeof-1.2.0.tgz",
          "integrity": "sha512-E5LDX7Wrp85Kil5bhZv46j8jOeboKq5JMmYM3gVGdGH8xFpPWXUMsNrlODCrkoxMEeNi/XZIwuRvY4XNwYMJpw=="
        }
      }
    },
    "ieee754": {
      "version": "1.2.1",
      "resolved": "https://registry.npmjs.org/ieee754/-/ieee754-1.2.1.tgz",
      "integrity": "sha512-dcyqhDvX1C46lXZcVqCpK+FtMRQVdIMN6/Df5js2zouUsqG7I6sFxitIC+7KYK29KdXOLHdu9zL4sFnoVQnqaA=="
    },
    "inherits": {
      "version": "2.0.4",
      "resolved": "https://registry.npmjs.org/inherits/-/inherits-2.0.4.tgz",
      "integrity": "sha512-k/vGaX4/Yla3WzyMCvTQOXYeIHvqOKtnqBduzTHpzpQZzAskKMhZ2K+EnBiSM9zGSoIFeMpXKxa4dYeZIQqewQ=="
    },
    "is-generator-function": {
      "version": "1.0.8",
      "resolved": "https://registry.npmjs.org/is-generator-function/-/is-generator-function-1.0.8.tgz",
      "integrity": "sha512-2Omr/twNtufVZFr1GhxjOMFPAj2sjc/dKaIqBhvo4qciXfJmITGH6ZGd8eZYNHza8t1y0e01AuqRhJwfWp26WQ=="
    },
    "isomorphic-unzip": {
      "version": "1.1.5",
      "resolved": "https://registry.npmjs.org/isomorphic-unzip/-/isomorphic-unzip-1.1.5.tgz",
      "integrity": "sha512-2McA51lWhmO3Kk438jxVcYeh6L+AOqVnl9XdX1yI7GlLA9RwEyTBgGem1rNuRIU2abAmOiv+IagThdUxASY4IA==",
      "requires": {
        "buffer": "^5.0.7",
        "yauzl": "^2.8.0"
      }
    },
    "jsonfile": {
      "version": "6.1.0",
      "resolved": "https://registry.npmjs.org/jsonfile/-/jsonfile-6.1.0.tgz",
      "integrity": "sha512-5dgndWOriYSm5cnYaJNhalLNDKOqFwyDB/rr1E9ZsGciGvKPs8R2xYGCacuf3z6K1YKDz182fd+fY3cn3pMqXQ==",
      "requires": {
        "graceful-fs": "^4.1.6",
        "universalify": "^2.0.0"
      },
      "dependencies": {
        "universalify": {
          "version": "2.0.0",
          "resolved": "https://registry.npmjs.org/universalify/-/universalify-2.0.0.tgz",
          "integrity": "sha512-hAZsKq7Yy11Zu1DE0OzWjw7nnLZmJZYTDZZyEFHZdUhV8FkH5MCfoU1XMaxXovpyW5nq5scPqq0ZDP9Zyl04oQ=="
        }
      }
    },
    "keygrip": {
      "version": "1.1.0",
      "resolved": "https://registry.npmjs.org/keygrip/-/keygrip-1.1.0.tgz",
      "integrity": "sha512-iYSchDJ+liQ8iwbSI2QqsQOvqv58eJCEanyJPJi+Khyu8smkcKSFUCbPwzFcL7YVtZ6eONjqRX/38caJ7QjRAQ==",
      "requires": {
        "tsscmp": "1.0.6"
      }
    },
    "koa": {
      "version": "2.13.0",
      "resolved": "https://registry.npmjs.org/koa/-/koa-2.13.0.tgz",
      "integrity": "sha512-i/XJVOfPw7npbMv67+bOeXr3gPqOAw6uh5wFyNs3QvJ47tUx3M3V9rIE0//WytY42MKz4l/MXKyGkQ2LQTfLUQ==",
      "requires": {
        "accepts": "^1.3.5",
        "cache-content-type": "^1.0.0",
        "content-disposition": "~0.5.2",
        "content-type": "^1.0.4",
        "cookies": "~0.8.0",
        "debug": "~3.1.0",
        "delegates": "^1.0.0",
        "depd": "^1.1.2",
        "destroy": "^1.0.4",
        "encodeurl": "^1.0.2",
        "escape-html": "^1.0.3",
        "fresh": "~0.5.2",
        "http-assert": "^1.3.0",
        "http-errors": "^1.6.3",
        "is-generator-function": "^1.0.7",
        "koa-compose": "^4.1.0",
        "koa-convert": "^1.2.0",
        "on-finished": "^2.3.0",
        "only": "~0.0.2",
        "parseurl": "^1.3.2",
        "statuses": "^1.5.0",
        "type-is": "^1.6.16",
        "vary": "^1.1.2"
      }
    },
    "koa-compose": {
      "version": "4.1.0",
      "resolved": "https://registry.npmjs.org/koa-compose/-/koa-compose-4.1.0.tgz",
      "integrity": "sha512-8ODW8TrDuMYvXRwra/Kh7/rJo9BtOfPc6qO8eAfC80CnCvSjSl0bkRM24X6/XBBEyj0v1nRUQ1LyOy3dbqOWXw=="
    },
    "koa-convert": {
      "version": "1.2.0",
      "resolved": "https://registry.npmjs.org/koa-convert/-/koa-convert-1.2.0.tgz",
      "integrity": "sha1-2kCHXfSd4FOQmNFwC1CCDOvNIdA=",
      "requires": {
        "co": "^4.6.0",
        "koa-compose": "^3.0.0"
      },
      "dependencies": {
        "koa-compose": {
          "version": "3.2.1",
          "resolved": "https://registry.npmjs.org/koa-compose/-/koa-compose-3.2.1.tgz",
          "integrity": "sha1-qFzLQLfZhtjlo0Wzoazo6rz1Tec=",
          "requires": {
            "any-promise": "^1.1.0"
          }
        }
      }
    },
    "koa-send": {
      "version": "5.0.1",
      "resolved": "https://registry.npmjs.org/koa-send/-/koa-send-5.0.1.tgz",
      "integrity": "sha512-tmcyQ/wXXuxpDxyNXv5yNNkdAMdFRqwtegBXUaowiQzUKqJehttS0x2j0eOZDQAyloAth5w6wwBImnFzkUz3pQ==",
      "requires": {
        "debug": "^4.1.1",
        "http-errors": "^1.7.3",
        "resolve-path": "^1.4.0"
      },
      "dependencies": {
        "debug": {
          "version": "4.3.1",
          "resolved": "https://registry.npmjs.org/debug/-/debug-4.3.1.tgz",
          "integrity": "sha512-doEwdvm4PCeK4K3RQN2ZC2BYUBaxwLARCqZmMjtF8a51J2Rb0xpVloFRnCODwqjpwnAoao4pelN8l3RJdv3gRQ==",
          "requires": {
            "ms": "2.1.2"
          }
        },
        "ms": {
          "version": "2.1.2",
          "resolved": "https://registry.npmjs.org/ms/-/ms-2.1.2.tgz",
          "integrity": "sha512-sGkPx+VjMtmA6MX27oA4FBFELFCZZ4S4XqeGOXCv68tT+jb3vk/RyaKWP0PTKyWtmLSM0b+adUTEvbs1PEaH2w=="
        }
      }
    },
    "koa-static": {
      "version": "5.0.0",
      "resolved": "https://registry.npmjs.org/koa-static/-/koa-static-5.0.0.tgz",
      "integrity": "sha512-UqyYyH5YEXaJrf9S8E23GoJFQZXkBVJ9zYYMPGz919MSX1KuvAcycIuS0ci150HCoPf4XQVhQ84Qf8xRPWxFaQ==",
      "requires": {
        "debug": "^3.1.0",
        "koa-send": "^5.0.0"
      }
    },
    "long": {
      "version": "3.2.0",
      "resolved": "https://registry.npmjs.org/long/-/long-3.2.0.tgz",
      "integrity": "sha1-2CG3E4yhy1gcFymQ7xTbIAtcR0s="
    },
    "media-typer": {
      "version": "0.3.0",
      "resolved": "https://registry.npmjs.org/media-typer/-/media-typer-0.3.0.tgz",
      "integrity": "sha1-hxDXrwqmJvj/+hzgAWhUUmMlV0g="
    },
    "merge": {
      "version": "2.1.0",
      "resolved": "https://registry.npmjs.org/merge/-/merge-2.1.0.tgz",
      "integrity": "sha512-TcuhVDV+e6X457MQAm7xIb19rWhZuEDEho7RrwxMpQ/3GhD5sDlnP188gjQQuweXHy9igdke5oUtVOXX1X8Sxg=="
    },
    "mime-db": {
      "version": "1.44.0",
      "resolved": "https://registry.npmjs.org/mime-db/-/mime-db-1.44.0.tgz",
      "integrity": "sha512-/NOTfLrsPBVeH7YtFPgsVWveuL+4SjjYxaQ1xtM1KMFj7HdxlBlxeyNLzhyJVx7r4rZGJAZ/6lkKCitSc/Nmpg=="
    },
    "mime-types": {
      "version": "2.1.27",
      "resolved": "https://registry.npmjs.org/mime-types/-/mime-types-2.1.27.tgz",
      "integrity": "sha512-JIhqnCasI9yD+SsmkquHBxTSEuZdQX5BuQnS2Vc7puQQQ+8yiP5AY5uWhpdv4YL4VM5c6iliiYWPgJ/nJQLp7w==",
      "requires": {
        "mime-db": "1.44.0"
      }
    },
    "ms": {
      "version": "2.0.0",
      "resolved": "https://registry.npmjs.org/ms/-/ms-2.0.0.tgz",
      "integrity": "sha1-VgiurfwAvmwpAd9fmGF4jeDVl8g="
    },
    "negotiator": {
      "version": "0.6.2",
      "resolved": "https://registry.npmjs.org/negotiator/-/negotiator-0.6.2.tgz",
      "integrity": "sha512-hZXc7K2e+PgeI1eDBe/10Ard4ekbfrrqG8Ep+8Jmf4JID2bNg7NvCPOZN+kfF574pFQI7mum2AUqDidoKqcTOw=="
    },
    "on-finished": {
      "version": "2.3.0",
      "resolved": "https://registry.npmjs.org/on-finished/-/on-finished-2.3.0.tgz",
      "integrity": "sha1-IPEzZIGwg811M3mSoWlxqi2QaUc=",
      "requires": {
        "ee-first": "1.1.1"
      }
    },
    "only": {
      "version": "0.0.2",
      "resolved": "https://registry.npmjs.org/only/-/only-0.0.2.tgz",
      "integrity": "sha1-Kv3oTQPlC5qO3EROMGEKcCle37Q="
    },
    "parseurl": {
      "version": "1.3.3",
      "resolved": "https://registry.npmjs.org/parseurl/-/parseurl-1.3.3.tgz",
      "integrity": "sha512-CiyeOxFT/JZyN5m0z9PfXw4SCBJ6Sygz1Dpl0wqjlhDEGGBP1GnsUVEL0p63hoG1fcj3fHynXi9NYO4nWOL+qQ=="
    },
    "path-is-absolute": {
      "version": "1.0.1",
      "resolved": "https://registry.npmjs.org/path-is-absolute/-/path-is-absolute-1.0.1.tgz",
      "integrity": "sha1-F0uSaHNVNP+8es5r9TpanhtcX18="
    },
    "pend": {
      "version": "1.2.0",
      "resolved": "https://registry.npmjs.org/pend/-/pend-1.2.0.tgz",
      "integrity": "sha1-elfrVQpng/kRUzH89GY9XI4AelA="
    },
    "plist": {
      "version": "3.0.1",
      "resolved": "https://registry.npmjs.org/plist/-/plist-3.0.1.tgz",
      "integrity": "sha512-GpgvHHocGRyQm74b6FWEZZVRroHKE1I0/BTjAmySaohK+cUn+hZpbqXkc3KWgW3gQYkqcQej35FohcT0FRlkRQ==",
      "requires": {
        "base64-js": "^1.2.3",
        "xmlbuilder": "^9.0.7",
        "xmldom": "0.1.x"
      }
    },
    "resolve-path": {
      "version": "1.4.0",
      "resolved": "https://registry.npmjs.org/resolve-path/-/resolve-path-1.4.0.tgz",
      "integrity": "sha1-xL2p9e+y/OZSR4c6s2u02DT+Fvc=",
      "requires": {
        "http-errors": "~1.6.2",
        "path-is-absolute": "1.0.1"
      },
      "dependencies": {
        "http-errors": {
          "version": "1.6.3",
          "resolved": "https://registry.npmjs.org/http-errors/-/http-errors-1.6.3.tgz",
          "integrity": "sha1-i1VoC7S+KDoLW/TqLjhYC+HZMg0=",
          "requires": {
            "depd": "~1.1.2",
            "inherits": "2.0.3",
            "setprototypeof": "1.1.0",
            "statuses": ">= 1.4.0 < 2"
          }
        },
        "inherits": {
          "version": "2.0.3",
          "resolved": "https://registry.npmjs.org/inherits/-/inherits-2.0.3.tgz",
          "integrity": "sha1-Yzwsg+PaQqUC9SRmAiSA9CCCYd4="
        },
        "setprototypeof": {
          "version": "1.1.0",
          "resolved": "https://registry.npmjs.org/setprototypeof/-/setprototypeof-1.1.0.tgz",
          "integrity": "sha512-BvE/TwpZX4FXExxOxZyRGQQv651MSwmWKZGqvmPcRIjDqWub67kTKuIMx43cZZrS/cBBzwBcNDWoFxt2XEFIpQ=="
        }
      }
    },
    "safe-buffer": {
      "version": "5.1.2",
      "resolved": "https://registry.npmjs.org/safe-buffer/-/safe-buffer-5.1.2.tgz",
      "integrity": "sha512-Gd2UZBJDkXlY7GbJxfsE8/nvKkUEU1G38c1siN6QP6a9PT9MmHB8GnpscSmMJSoF8LOIrt8ud/wPtojys4G6+g=="
    },
    "setprototypeof": {
      "version": "1.1.1",
      "resolved": "https://registry.npmjs.org/setprototypeof/-/setprototypeof-1.1.1.tgz",
      "integrity": "sha512-JvdAWfbXeIGaZ9cILp38HntZSFSo3mWg6xGcJJsd+d4aRMOqauag1C63dJfDw7OaMYwEbHMOxEZ1lqVRYP2OAw=="
    },
    "statuses": {
      "version": "1.5.0",
      "resolved": "https://registry.npmjs.org/statuses/-/statuses-1.5.0.tgz",
      "integrity": "sha1-Fhx9rBd2Wf2YEfQ3cfqZOBR4Yow="
    },
    "stream-to": {
      "version": "0.2.2",
      "resolved": "https://registry.npmjs.org/stream-to/-/stream-to-0.2.2.tgz",
      "integrity": "sha1-hDBgmNhf25kLn6MAsbPM9V6O8B0="
    },
    "stream-to-buffer": {
      "version": "0.1.0",
      "resolved": "https://registry.npmjs.org/stream-to-buffer/-/stream-to-buffer-0.1.0.tgz",
      "integrity": "sha1-JnmdkDqyAlyb1VCsRxcbAPjdgKk=",
      "requires": {
        "stream-to": "~0.2.0"
      }
    },
    "streamifier": {
      "version": "0.1.1",
      "resolved": "https://registry.npmjs.org/streamifier/-/streamifier-0.1.1.tgz",
      "integrity": "sha1-l+mNj6TRBdYqJpHR3AfoINuN/E8="
    },
    "toidentifier": {
      "version": "1.0.0",
      "resolved": "https://registry.npmjs.org/toidentifier/-/toidentifier-1.0.0.tgz",
      "integrity": "sha512-yaOH/Pk/VEhBWWTlhI+qXxDFXlejDGcQipMlyxda9nthulaxLZUNcUqFxokp0vcYnvteJln5FNQDRrxj3YcbVw=="
    },
    "tsscmp": {
      "version": "1.0.6",
      "resolved": "https://registry.npmjs.org/tsscmp/-/tsscmp-1.0.6.tgz",
      "integrity": "sha512-LxhtAkPDTkVCMQjt2h6eBVY28KCjikZqZfMcC15YBeNjkgUpdCfBu5HoiOTDu86v6smE8yOjyEktJ8hlbANHQA=="
    },
    "type-is": {
      "version": "1.6.18",
      "resolved": "https://registry.npmjs.org/type-is/-/type-is-1.6.18.tgz",
      "integrity": "sha512-TkRKr9sUTxEH8MdfuCSP7VizJyzRNMjj2J2do2Jr3Kym598JVdEksuzPQCnlFPW4ky9Q+iA+ma9BGm06XQBy8g==",
      "requires": {
        "media-typer": "0.3.0",
        "mime-types": "~2.1.24"
      }
    },
    "universalify": {
      "version": "1.0.0",
      "resolved": "https://registry.npmjs.org/universalify/-/universalify-1.0.0.tgz",
      "integrity": "sha512-rb6X1W158d7pRQBg5gkR8uPaSfiids68LTJQYOtEUhoJUWBdaQHsuT/EUduxXYxcrt4r5PJ4fuHW1MHT6p0qug=="
    },
    "vary": {
      "version": "1.1.2",
      "resolved": "https://registry.npmjs.org/vary/-/vary-1.1.2.tgz",
      "integrity": "sha1-IpnwLG3tMNSllhsLn3RSShj2NPw="
    },
    "xmlbuilder": {
      "version": "9.0.7",
      "resolved": "https://registry.npmjs.org/xmlbuilder/-/xmlbuilder-9.0.7.tgz",
      "integrity": "sha1-Ey7mPS7FVlxVfiD0wi35rKaGsQ0="
    },
    "xmldom": {
      "version": "0.1.31",
      "resolved": "https://registry.npmjs.org/xmldom/-/xmldom-0.1.31.tgz",
      "integrity": "sha512-yS2uJflVQs6n+CyjHoaBmVSqIDevTAWrzMmjG1Gc7h1qQ7uVozNhEPJAwZXWyGQ/Gafo3fCwrcaokezLPupVyQ=="
    },
    "yauzl": {
      "version": "2.10.0",
      "resolved": "https://registry.npmjs.org/yauzl/-/yauzl-2.10.0.tgz",
      "integrity": "sha1-x+sXyT4RLLEIb6bY5R+wZnt5pfk=",
      "requires": {
        "buffer-crc32": "~0.2.3",
        "fd-slicer": "~1.1.0"
      }
    },
    "ylru": {
      "version": "1.2.1",
      "resolved": "https://registry.npmjs.org/ylru/-/ylru-1.2.1.tgz",
      "integrity": "sha512-faQrqNMzcPCHGVC2aaOINk13K+aaBDUPjGWl0teOXywElLjyVAB6Oe2jj62jHYtwsU49jXhScYbvPENK+6zAvQ=="
    }
  }
}
