{
  "name": "ipapk",
  "version": "0.0.5",
  "lockfileVersion": 1,
  "requires": true,
  "dependencies": {
    "app-info-parser": {
      "version": "0.3.13",
      "resolved": "https://registry.npmjs.org/app-info-parser/-/app-info-parser-0.3.13.tgz",
      "integrity": "sha512-u8IB/jQS7vG3vA06722T43mFmLWnP5HhkGt3auUgpdH9ZVTX0UdLvW+ZsVKOK1Uq+1WNuB/up6vbkQfO/9x4TQ==",
      "requires": {
        "bplist-parser": "^0.2.0",
        "bytebuffer": "^5.0.1",
        "cgbi-to-png": "^1.0.7",
        "isomorphic-unzip": "^1.1.5",
        "plist": "^3.0.1"
      }
    },
    "at-least-node": {
      "version": "1.0.0",
      "resolved": "https://registry.npmjs.org/at-least-node/-/at-least-node-1.0.0.tgz",
      "integrity": "sha512-+q/t7Ekv1EDY2l6Gda6LLiX14rU9TV20Wa3ofeQmwPFZbOMo9DXrLbOjFaaclkXKWidIaopwAObQDqwWtGUjqg=="
    },
    "base64-js": {
      "version": "1.3.1",
      "resolved": "https://registry.npmjs.org/base64-js/-/base64-js-1.3.1.tgz",
      "integrity": "sha512-mLQ4i2QO1ytvGWFWmcngKO//JXAQueZvwEKtjgQFM4jIK0kU+ytMfplL8j+n5mspOfjHwoAg+9yhb7BwAHm36g=="
    },
    "big-integer": {
      "version": "1.6.48",
      "resolved": "https://registry.npmjs.org/big-integer/-/big-integer-1.6.48.tgz",
      "integrity": "sha512-j51egjPa7/i+RdiRuJbPdJ2FIUYYPhvYLjzoYbcMMm62ooO6F94fETG4MTs46zPAF9Brs04OajboA/qTGuz78w=="
    },
    "bplist-parser": {
      "version": "0.2.0",
      "resolved": "https://registry.npmjs.org/bplist-parser/-/bplist-parser-0.2.0.tgz",
      "integrity": "sha512-z0M+byMThzQmD9NILRniCUXYsYpjwnlO8N5uCFaCqIOpqRsJCrQL9NK3JsD67CN5a08nF5oIL2bD6loTdHOuKw==",
      "requires": {
        "big-integer": "^1.6.44"
      }
    },
    "buffer": {
      "version": "5.7.1",
      "resolved": "https://registry.npmjs.org/buffer/-/buffer-5.7.1.tgz",
      "integrity": "sha512-EHcyIPBQ4BSGlvjB16k5KgAJ27CIsHY/2JBmCRReo48y9rQ3MaUzWX3KVlBa4U7MyX02HdVj0K7C3WaB3ju7FQ==",
      "requires": {
        "base64-js": "^1.3.1",
        "ieee754": "^1.1.13"
      }
    },
    "buffer-crc32": {
      "version": "0.2.13",
      "resolved": "https://registry.npmjs.org/buffer-crc32/-/buffer-crc32-0.2.13.tgz",
      "integrity": "sha1-DTM+PwDqxQqhRUq9MO+MKl2ackI="
    },
    "bufferpack": {
      "version": "0.0.6",
      "resolved": "https://registry.npmjs.org/bufferpack/-/bufferpack-0.0.6.tgz",
      "integrity": "sha1-+z2HOKDh5OA7z/mfmnX57Bip1z4="
    },
    "bytebuffer": {
      "version": "5.0.1",
      "resolved": "https://registry.npmjs.org/bytebuffer/-/bytebuffer-5.0.1.tgz",
      "integrity": "sha1-WC7qSxqHO20CCkjVjfhfC7ps/d0=",
      "requires": {
        "long": "~3"
      }
    },
    "cgbi-to-png": {
      "version": "1.0.7",
      "resolved": "https://registry.npmjs.org/cgbi-to-png/-/cgbi-to-png-1.0.7.tgz",
      "integrity": "sha512-YR80kxTPuq9oRpZUdQmNEQWrmTKLINk1cfLVfyrV7Rfr9KLtLJdcockPKbreIr4JYAq+DhHBR7w+WA/tF5VDaQ==",
      "requires": {
        "bufferpack": "0.0.6",
        "crc": "^3.3.0",
        "stream-to-buffer": "^0.1.0",
        "streamifier": "^0.1.1"
      }
    },
    "commander": {
      "version": "6.2.0",
      "resolved": "https://registry.npmjs.org/commander/-/commander-6.2.0.tgz",
      "integrity": "sha512-zP4jEKbe8SHzKJYQmq8Y9gYjtO/POJLgIdKgV7B9qNmABVFVc+ctqSX6iXh4mCpJfRBOabiZ2YKPg8ciDw6C+Q=="
    },
    "crc": {
      "version": "3.8.0",
      "resolved": "https://registry.npmjs.org/crc/-/crc-3.8.0.tgz",
      "integrity": "sha512-iX3mfgcTMIq3ZKLIsVFAbv7+Mc10kxabAGQb8HvjA1o3T1PIYprbakQ65d3I+2HGHt6nSKkM9PYjgoJO2KcFBQ==",
      "requires": {
        "buffer": "^5.1.0"
      }
    },
    "fd-slicer": {
      "version": "1.1.0",
      "resolved": "https://registry.npmjs.org/fd-slicer/-/fd-slicer-1.1.0.tgz",
      "integrity": "sha1-JcfInLH5B3+IkbvmHY85Dq4lbx4=",
      "requires": {
        "pend": "~1.2.0"
      }
    },
    "filesize": {
      "version": "6.1.0",
      "resolved": "https://registry.npmjs.org/filesize/-/filesize-6.1.0.tgz",
      "integrity": "sha512-LpCHtPQ3sFx67z+uh2HnSyWSLLu5Jxo21795uRDuar/EOuYWXib5EmPaGIBuSnRqH2IODiKA2k5re/K9OnN/Yg=="
    },
    "fs-extra": {
      "version": "9.0.1",
      "resolved": "https://registry.npmjs.org/fs-extra/-/fs-extra-9.0.1.tgz",
      "integrity": "sha512-h2iAoN838FqAFJY2/qVpzFXy+EBxfVE220PalAqQLDVsFOHLJrZvut5puAbCdNv6WJk+B8ihI+k0c7JK5erwqQ==",
      "requires": {
        "at-least-node": "^1.0.0",
        "graceful-fs": "^4.2.0",
        "jsonfile": "^6.0.1",
        "universalify": "^1.0.0"
      }
    },
    "graceful-fs": {
      "version": "4.2.4",
      "resolved": "https://registry.npmjs.org/graceful-fs/-/graceful-fs-4.2.4.tgz",
      "integrity": "sha512-WjKPNJF79dtJAVniUlGGWHYGz2jWxT6VhN/4m1NdkbZ2nOsEF+cI1Edgql5zCRhs/VsQYRvrXctxktVXZUkixw=="
    },
    "ieee754": {
      "version": "1.2.1",
      "resolved": "https://registry.npmjs.org/ieee754/-/ieee754-1.2.1.tgz",
      "integrity": "sha512-dcyqhDvX1C46lXZcVqCpK+FtMRQVdIMN6/Df5js2zouUsqG7I6sFxitIC+7KYK29KdXOLHdu9zL4sFnoVQnqaA=="
    },
    "isomorphic-unzip": {
      "version": "1.1.5",
      "resolved": "https://registry.npmjs.org/isomorphic-unzip/-/isomorphic-unzip-1.1.5.tgz",
      "integrity": "sha512-2McA51lWhmO3Kk438jxVcYeh6L+AOqVnl9XdX1yI7GlLA9RwEyTBgGem1rNuRIU2abAmOiv+IagThdUxASY4IA==",
      "requires": {
        "buffer": "^5.0.7",
        "yauzl": "^2.8.0"
      }
    },
    "jsonfile": {
      "version": "6.1.0",
      "resolved": "https://registry.npmjs.org/jsonfile/-/jsonfile-6.1.0.tgz",
      "integrity": "sha512-5dgndWOriYSm5cnYaJNhalLNDKOqFwyDB/rr1E9ZsGciGvKPs8R2xYGCacuf3z6K1YKDz182fd+fY3cn3pMqXQ==",
      "requires": {
        "graceful-fs": "^4.1.6",
        "universalify": "^2.0.0"
      },
      "dependencies": {
        "universalify": {
          "version": "2.0.0",
          "resolved": "https://registry.npmjs.org/universalify/-/universalify-2.0.0.tgz",
          "integrity": "sha512-hAZsKq7Yy11Zu1DE0OzWjw7nnLZmJZYTDZZyEFHZdUhV8FkH5MCfoU1XMaxXovpyW5nq5scPqq0ZDP9Zyl04oQ=="
        }
      }
    },
    "long": {
      "version": "3.2.0",
      "resolved": "https://registry.npmjs.org/long/-/long-3.2.0.tgz",
      "integrity": "sha1-2CG3E4yhy1gcFymQ7xTbIAtcR0s="
    },
    "merge": {
      "version": "2.1.0",
      "resolved": "https://registry.npmjs.org/merge/-/merge-2.1.0.tgz",
      "integrity": "sha512-TcuhVDV+e6X457MQAm7xIb19rWhZuEDEho7RrwxMpQ/3GhD5sDlnP188gjQQuweXHy9igdke5oUtVOXX1X8Sxg=="
    },
    "pend": {
      "version": "1.2.0",
      "resolved": "https://registry.npmjs.org/pend/-/pend-1.2.0.tgz",
      "integrity": "sha1-elfrVQpng/kRUzH89GY9XI4AelA="
    },
    "plist": {
      "version": "3.0.1",
      "resolved": "https://registry.npmjs.org/plist/-/plist-3.0.1.tgz",
      "integrity": "sha512-GpgvHHocGRyQm74b6FWEZZVRroHKE1I0/BTjAmySaohK+cUn+hZpbqXkc3KWgW3gQYkqcQej35FohcT0FRlkRQ==",
      "requires": {
        "base64-js": "^1.2.3",
        "xmlbuilder": "^9.0.7",
        "xmldom": "0.1.x"
      }
    },
    "stream-to": {
      "version": "0.2.2",
      "resolved": "https://registry.npmjs.org/stream-to/-/stream-to-0.2.2.tgz",
      "integrity": "sha1-hDBgmNhf25kLn6MAsbPM9V6O8B0="
    },
    "stream-to-buffer": {
      "version": "0.1.0",
      "resolved": "https://registry.npmjs.org/stream-to-buffer/-/stream-to-buffer-0.1.0.tgz",
      "integrity": "sha1-JnmdkDqyAlyb1VCsRxcbAPjdgKk=",
      "requires": {
        "stream-to": "~0.2.0"
      }
    },
    "streamifier": {
      "version": "0.1.1",
      "resolved": "https://registry.npmjs.org/streamifier/-/streamifier-0.1.1.tgz",
      "integrity": "sha1-l+mNj6TRBdYqJpHR3AfoINuN/E8="
    },
    "universalify": {
      "version": "1.0.0",
      "resolved": "https://registry.npmjs.org/universalify/-/universalify-1.0.0.tgz",
      "integrity": "sha512-rb6X1W158d7pRQBg5gkR8uPaSfiids68LTJQYOtEUhoJUWBdaQHsuT/EUduxXYxcrt4r5PJ4fuHW1MHT6p0qug=="
    },
    "xmlbuilder": {
      "version": "9.0.7",
      "resolved": "https://registry.npmjs.org/xmlbuilder/-/xmlbuilder-9.0.7.tgz",
      "integrity": "sha1-Ey7mPS7FVlxVfiD0wi35rKaGsQ0="
    },
    "xmldom": {
      "version": "0.1.31",
      "resolved": "https://registry.npmjs.org/xmldom/-/xmldom-0.1.31.tgz",
      "integrity": "sha512-yS2uJflVQs6n+CyjHoaBmVSqIDevTAWrzMmjG1Gc7h1qQ7uVozNhEPJAwZXWyGQ/Gafo3fCwrcaokezLPupVyQ=="
    },
    "yauzl": {
      "version": "2.10.0",
      "resolved": "https://registry.npmjs.org/yauzl/-/yauzl-2.10.0.tgz",
      "integrity": "sha1-x+sXyT4RLLEIb6bY5R+wZnt5pfk=",
      "requires": {
        "buffer-crc32": "~0.2.3",
        "fd-slicer": "~1.1.0"
      }
    }
  }
}
